# This file is automatically @generated by Cargo.
# It is not intended for manual editing.
version = 4

[[package]]
name = "purser"
version = "0.0.1"

[[package]]
name = "purser-core"
version = "0.0.1"

[[package]]
name = "purser-daemon"
version = "0.0.1"
dependencies = [
 "purser-core",
 "purser-mcp",
 "purser-store",
 "purser-sync",
 "purser-vault",
]

[[package]]
name = "purser-mcp"
version = "0.0.1"
dependencies = [
 "purser-core",
]

[[package]]
name = "purser-store"
version = "0.0.1"
dependencies = [
 "purser-core",
]

[[package]]
name = "purser-sync"
version = "0.0.1"
dependencies = [
 "purser-core",
]

[[package]]
name = "purser-vault"
version = "0.0.1"
dependencies = [
 "purser-core",
]
